
Microsoft Visual Studio Solution File, Format Version 12.00
# Visual Studio 15
VisualStudioVersion = 15.0.27703.2035
MinimumVisualStudioVersion = 10.0.40219.1
Project("{FAE04EC0-301F-11D3-BF4B-00C04F79EFBC}") = "DatabaseDemo", "DatabaseDemo\DatabaseDemo.csproj", "{DA7EE43D-0E23-48DC-87F1-D489167219AA}"
EndProject
Global
	GlobalSection(SolutionConfigurationPlatforms) = preSolution
		Debug|Any CPU = Debug|Any CPU
		Release|Any CPU = Release|Any CPU
	EndGlobalSection
	GlobalSection(ProjectConfigurationPlatforms) = postSolution
		{DA7EE43D-0E23-48DC-87F1-D489167219AA}.Debug|Any CPU.ActiveCfg = Debug|Any CPU
		{DA7EE43D-0E23-48DC-87F1-D489167219AA}.Debug|Any CPU.Build.0 = Debug|Any CPU
		{DA7EE43D-0E23-48DC-87F1-D489167219AA}.Release|Any CPU.ActiveCfg = Release|Any CPU
		{DA7EE43D-0E23-48DC-87F1-D489167219AA}.Release|Any CPU.Build.0 = Release|Any CPU
	EndGlobalSection
	GlobalSection(SolutionProperties) = preSolution
		HideSolutionNode = FALSE
	EndGlobalSection
	GlobalSection(ExtensibilityGlobals) = postSolution
		SolutionGuid = {33F53D05-7547-4B5A-BC70-76A6A50A26AE}
	EndGlobalSection
EndGlobal
