
Microsoft Visual Studio Solution File, Format Version 12.00
# Visual Studio 15
VisualStudioVersion = 15.0.27703.2035
MinimumVisualStudioVersion = 10.0.40219.1
Project("{FAE04EC0-301F-11D3-BF4B-00C04F79EFBC}") = "PracticeTest1", "PracticeTest1\PracticeTest1.csproj", "{76231F65-408E-4F62-BEDB-11F985627962}"
EndProject
Global
	GlobalSection(SolutionConfigurationPlatforms) = preSolution
		Debug|Any CPU = Debug|Any CPU
		Release|Any CPU = Release|Any CPU
	EndGlobalSection
	GlobalSection(ProjectConfigurationPlatforms) = postSolution
		{76231F65-408E-4F62-BEDB-11F985627962}.Debug|Any CPU.ActiveCfg = Debug|Any CPU
		{76231F65-408E-4F62-BEDB-11F985627962}.Debug|Any CPU.Build.0 = Debug|Any CPU
		{76231F65-408E-4F62-BEDB-11F985627962}.Release|Any CPU.ActiveCfg = Release|Any CPU
		{76231F65-408E-4F62-BEDB-11F985627962}.Release|Any CPU.Build.0 = Release|Any CPU
	EndGlobalSection
	GlobalSection(SolutionProperties) = preSolution
		HideSolutionNode = FALSE
	EndGlobalSection
	GlobalSection(ExtensibilityGlobals) = postSolution
		SolutionGuid = {0FD7F1DA-9ABD-40AD-892D-878F199F9A2A}
	EndGlobalSection
EndGlobal
