
Microsoft Visual Studio Solution File, Format Version 12.00
# Visual Studio 15
VisualStudioVersion = 15.0.27703.2035
MinimumVisualStudioVersion = 10.0.40219.1
Project("{FAE04EC0-301F-11D3-BF4B-00C04F79EFBC}") = "MyReastuarant", "MyReastuarant\MyReastuarant.csproj", "{72FA0E33-E8F0-4C14-B63F-21BFC1DF988E}"
EndProject
Global
	GlobalSection(SolutionConfigurationPlatforms) = preSolution
		Debug|Any CPU = Debug|Any CPU
		Release|Any CPU = Release|Any CPU
	EndGlobalSection
	GlobalSection(ProjectConfigurationPlatforms) = postSolution
		{72FA0E33-E8F0-4C14-B63F-21BFC1DF988E}.Debug|Any CPU.ActiveCfg = Debug|Any CPU
		{72FA0E33-E8F0-4C14-B63F-21BFC1DF988E}.Debug|Any CPU.Build.0 = Debug|Any CPU
		{72FA0E33-E8F0-4C14-B63F-21BFC1DF988E}.Release|Any CPU.ActiveCfg = Release|Any CPU
		{72FA0E33-E8F0-4C14-B63F-21BFC1DF988E}.Release|Any CPU.Build.0 = Release|Any CPU
	EndGlobalSection
	GlobalSection(SolutionProperties) = preSolution
		HideSolutionNode = FALSE
	EndGlobalSection
	GlobalSection(ExtensibilityGlobals) = postSolution
		SolutionGuid = {FCE66622-B24A-4668-A369-C196370C097D}
	EndGlobalSection
EndGlobal
