
Microsoft Visual Studio Solution File, Format Version 12.00
# Visual Studio 15
VisualStudioVersion = 15.0.27703.2035
MinimumVisualStudioVersion = 10.0.40219.1
Project("{FAE04EC0-301F-11D3-BF4B-00C04F79EFBC}") = "CookieWebApplication1", "CookieWebApplication1\CookieWebApplication1.csproj", "{7C10B72F-83AF-421C-9886-FEBF0D27B715}"
EndProject
Global
	GlobalSection(SolutionConfigurationPlatforms) = preSolution
		Debug|Any CPU = Debug|Any CPU
		Release|Any CPU = Release|Any CPU
	EndGlobalSection
	GlobalSection(ProjectConfigurationPlatforms) = postSolution
		{7C10B72F-83AF-421C-9886-FEBF0D27B715}.Debug|Any CPU.ActiveCfg = Debug|Any CPU
		{7C10B72F-83AF-421C-9886-FEBF0D27B715}.Debug|Any CPU.Build.0 = Debug|Any CPU
		{7C10B72F-83AF-421C-9886-FEBF0D27B715}.Release|Any CPU.ActiveCfg = Release|Any CPU
		{7C10B72F-83AF-421C-9886-FEBF0D27B715}.Release|Any CPU.Build.0 = Release|Any CPU
	EndGlobalSection
	GlobalSection(SolutionProperties) = preSolution
		HideSolutionNode = FALSE
	EndGlobalSection
	GlobalSection(ExtensibilityGlobals) = postSolution
		SolutionGuid = {D5B99873-A2E1-46F5-AF9E-A1D932D427B6}
	EndGlobalSection
EndGlobal
